# This file is autogenerated, do not edit; changes may be undone by the next 'dep ensure'.


[[projects]]
  name = "github.com/client9/misspell"
  packages = [
    ".",
    "cmd/misspell"
  ]
  revision = "b90dc15cfd220ecf8bbc9043ecb928cef381f011"
  version = "v0.3.4"

[[projects]]
  name = "gopkg.in/yaml.v2"
  packages = ["."]
  revision = "5420a8b6744d3b0345ab293f6fcba19c978f1183"
  version = "v2.2.1"

[solve-meta]
  analyzer-name = "dep"
  analyzer-version = 1
  inputs-digest = "15876bcf5bae26a3d8ca6af5a0463be3842912808256ce8818c2f34e0b3859fd"
  solver-name = "gps-cdcl"
  solver-version = 1
