# This file is autogenerated, do not edit; changes may be undone by the next 'dep ensure'.


[[projects]]
  name = "github.com/client9/misspell"
  packages = [
    ".",
    "cmd/misspell"
  ]
  revision = "59894abde931a32630d4e884a09c682ed20c5c7c"
  version = "v0.3.0"

[[projects]]
  branch = "v2"
  name = "gopkg.in/yaml.v2"
  packages = ["."]
  revision = "eb3733d160e74a9c7e442f435eb3bea458e1d19f"

[solve-meta]
  analyzer-name = "dep"
  analyzer-version = 1
  inputs-digest = "15876bcf5bae26a3d8ca6af5a0463be3842912808256ce8818c2f34e0b3859fd"
  solver-name = "gps-cdcl"
  solver-version = 1
